{
  "name": "dcl-project",
  "version": "1.0.0",
  "lockfileVersion": 1,
  "requires": true,
  "dependencies": {
    "commander": {
      "version": "2.20.0",
      "resolved": "https://registry.npmjs.org/commander/-/commander-2.20.0.tgz",
      "integrity": "sha512-7j2y+40w61zy6YC2iRNpUe/NwhNyoXrYpHMrSunaMG64nRnaf96zO/KMQR4OyN/UnE5KLyEBnKHd4aG3rskjpQ==",
      "dev": true
    },
    "decentraland-ecs": {
      "version": "5.0.1-20190424150041.commit-77bcd3e",
      "resolved": "https://registry.npmjs.org/decentraland-ecs/-/decentraland-ecs-5.0.1-20190424150041.commit-77bcd3e.tgz",
      "integrity": "sha512-1ul7jXWVHyR0mmweMsiphDe3uF3ZIC8bae5vekCvrdaVs0iCi6hpuuVh+JOJX/iJzb0175EAMKYJWFSyF/AI8w==",
      "dev": true,
      "requires": {
        "typescript": "^3.2.2",
        "uglify-js": "^3.5.2"
      }
    },
    "source-map": {
      "version": "0.6.1",
      "resolved": "https://registry.npmjs.org/source-map/-/source-map-0.6.1.tgz",
      "integrity": "sha512-UjgapumWlbMhkBgzT7Ykc5YXUT46F0iKu8SGXq0bcwP5dz/h0Plj6enJqjz1Zbq2l5WaqYnrVbwWOWMyF3F47g==",
      "dev": true
    },
    "typescript": {
      "version": "3.4.5",
      "resolved": "https://registry.npmjs.org/typescript/-/typescript-3.4.5.tgz",
      "integrity": "sha512-YycBxUb49UUhdNMU5aJ7z5Ej2XGmaIBL0x34vZ82fn3hGvD+bgrMrVDpatgz2f7YxUMJxMkbWxJZeAvDxVe7Vw==",
      "dev": true
    },
    "uglify-js": {
      "version": "3.5.7",
      "resolved": "https://registry.npmjs.org/uglify-js/-/uglify-js-3.5.7.tgz",
      "integrity": "sha512-GCgJx3BBuaf/QMvBBkhoHDh4SVsHCC3ILEzriPw4FgJJKCuxVBSYLRkDlmT3uhXyGWKs3VN5r0mCkBIZaHWu3w==",
      "dev": true,
      "requires": {
        "commander": "~2.20.0",
        "source-map": "~0.6.1"
      }
    }
  }
}
